// !$*UTF8*$!
{
	archiveVersion = 1;
	classes = {
	};
	objectVersion = 46;
	objects = {

/* Begin PBXBuildFile section */
		7FCBF6A81DA1F1FB003B6B84 /* AppDelegate.swift in Sources */ = {isa = PBXBuildFile; fileRef = 7FCBF6A71DA1F1FB003B6B84 /* AppDelegate.swift */; };
		7FCBF6AA1DA1F1FB003B6B84 /* ViewController.swift in Sources */ = {isa = PBXBuildFile; fileRef = 7FCBF6A91DA1F1FB003B6B84 /* ViewController.swift */; };
		7FCBF6AD1DA1F1FB003B6B84 /* Main.storyboard in Resources */ = {isa = PBXBuildFile; fileRef = 7FCBF6AB1DA1F1FB003B6B84 /* Main.storyboard */; };
		7FCBF6AF1DA1F1FB003B6B84 /* Assets.xcassets in Resources */ = {isa = PBXBuildFile; fileRef = 7FCBF6AE1DA1F1FB003B6B84 /* Assets.xcassets */; };
		7FCBF6B21DA1F1FB003B6B84 /* LaunchScreen.storyboard in Resources */ = {isa = PBXBuildFile; fileRef = 7FCBF6B01DA1F1FB003B6B84 /* LaunchScreen.storyboard */; };
		7FCBF6BD1DA1F1FB003B6B84 /* soundTests.swift in Sources */ = {isa = PBXBuildFile; fileRef = 7FCBF6BC1DA1F1FB003B6B84 /* soundTests.swift */; };
		7FCBF6C81DA1F1FB003B6B84 /* soundUITests.swift in Sources */ = {isa = PBXBuildFile; fileRef = 7FCBF6C71DA1F1FB003B6B84 /* soundUITests.swift */; };
/* End PBXBuildFile section */

/* Begin PBXContainerItemProxy section */
		7FCBF6B91DA1F1FB003B6B84 /* PBXContainerItemProxy */ = {
			isa = PBXContainerItemProxy;
			containerPortal = 7FCBF69C1DA1F1FB003B6B84 /* Project object */;
			proxyType = 1;
			remoteGlobalIDString = 7FCBF6A31DA1F1FB003B6B84;
			remoteInfo = sound;
		};
		7FCBF6C41DA1F1FB003B6B84 /* PBXContainerItemProxy */ = {
			isa = PBXContainerItemProxy;
			containerPortal = 7FCBF69C1DA1F1FB003B6B84 /* Project object */;
			proxyType = 1;
			remoteGlobalIDString = 7FCBF6A31DA1F1FB003B6B84;
			remoteInfo = sound;
		};
/* End PBXContainerItemProxy section */

/* Begin PBXFileReference section */
		7FCBF6A41DA1F1FB003B6B84 /* sound.app */ = {isa = PBXFileReference; explicitFileType = wrapper.application; includeInIndex = 0; path = sound.app; sourceTree = BUILT_PRODUCTS_DIR; };
		7FCBF6A71DA1F1FB003B6B84 /* AppDelegate.swift */ = {isa = PBXFileReference; lastKnownFileType = sourcecode.swift; path = AppDelegate.swift; sourceTree = "<group>"; };
		7FCBF6A91DA1F1FB003B6B84 /* ViewController.swift */ = {isa = PBXFileReference; lastKnownFileType = sourcecode.swift; path = ViewController.swift; sourceTree = "<group>"; };
		7FCBF6AC1DA1F1FB003B6B84 /* Base */ = {isa = PBXFileReference; lastKnownFileType = file.storyboard; name = Base; path = Base.lproj/Main.storyboard; sourceTree = "<group>"; };
		7FCBF6AE1DA1F1FB003B6B84 /* Assets.xcassets */ = {isa = PBXFileReference; lastKnownFileType = folder.assetcatalog; path = Assets.xcassets; sourceTree = "<group>"; };
		7FCBF6B11DA1F1FB003B6B84 /* Base */ = {isa = PBXFileReference; lastKnownFileType = file.storyboard; name = Base; path = Base.lproj/LaunchScreen.storyboard; sourceTree = "<group>"; };
		7FCBF6B31DA1F1FB003B6B84 /* Info.plist */ = {isa = PBXFileReference; lastKnownFileType = text.plist.xml; path = Info.plist; sourceTree = "<group>"; };
		7FCBF6B81DA1F1FB003B6B84 /* soundTests.xctest */ = {isa = PBXFileReference; explicitFileType = wrapper.cfbundle; includeInIndex = 0; path = soundTests.xctest; sourceTree = BUILT_PRODUCTS_DIR; };
		7FCBF6BC1DA1F1FB003B6B84 /* soundTests.swift */ = {isa = PBXFileReference; lastKnownFileType = sourcecode.swift; path = soundTests.swift; sourceTree = "<group>"; };
		7FCBF6BE1DA1F1FB003B6B84 /* Info.plist */ = {isa = PBXFileReference; lastKnownFileType = text.plist.xml; path = Info.plist; sourceTree = "<group>"; };
		7FCBF6C31DA1F1FB003B6B84 /* soundUITests.xctest */ = {isa = PBXFileReference; explicitFileType = wrapper.cfbundle; includeInIndex = 0; path = soundUITests.xctest; sourceTree = BUILT_PRODUCTS_DIR; };
		7FCBF6C71DA1F1FB003B6B84 /* soundUITests.swift */ = {isa = PBXFileReference; lastKnownFileType = sourcecode.swift; path = soundUITests.swift; sourceTree = "<group>"; };
		7FCBF6C91DA1F1FB003B6B84 /* Info.plist */ = {isa = PBXFileReference; lastKnownFileType = text.plist.xml; path = Info.plist; sourceTree = "<group>"; };
/* End PBXFileReference section */

/* Begin PBXFrameworksBuildPhase section */
		7FCBF6A11DA1F1FB003B6B84 /* Frameworks */ = {
			isa = PBXFrameworksBuildPhase;
			buildActionMask = 2147483647;
			files = (
			);
			runOnlyForDeploymentPostprocessing = 0;
		};
		7FCBF6B51DA1F1FB003B6B84 /* Frameworks */ = {
			isa = PBXFrameworksBuildPhase;
			buildActionMask = 2147483647;
			files = (
			);
			runOnlyForDeploymentPostprocessing = 0;
		};
		7FCBF6C01DA1F1FB003B6B84 /* Frameworks */ = {
			isa = PBXFrameworksBuildPhase;
			buildActionMask = 2147483647;
			files = (
			);
			runOnlyForDeploymentPostprocessing = 0;
		};
/* End PBXFrameworksBuildPhase section */

/* Begin PBXGroup section */
		7FCBF69B1DA1F1FB003B6B84 = {
			isa = PBXGroup;
			children = (
				7FCBF6A61DA1F1FB003B6B84 /* sound */,
				7FCBF6BB1DA1F1FB003B6B84 /* soundTests */,
				7FCBF6C61DA1F1FB003B6B84 /* soundUITests */,
				7FCBF6A51DA1F1FB003B6B84 /* Products */,
			);
			sourceTree = "<group>";
		};
		7FCBF6A51DA1F1FB003B6B84 /* Products */ = {
			isa = PBXGroup;
			children = (
				7FCBF6A41DA1F1FB003B6B84 /* sound.app */,
				7FCBF6B81DA1F1FB003B6B84 /* soundTests.xctest */,
				7FCBF6C31DA1F1FB003B6B84 /* soundUITests.xctest */,
			);
			name = Products;
			sourceTree = "<group>";
		};
		7FCBF6A61DA1F1FB003B6B84 /* sound */ = {
			isa = PBXGroup;
			children = (
				7FCBF6A71DA1F1FB003B6B84 /* AppDelegate.swift */,
				7FCBF6A91DA1F1FB003B6B84 /* ViewController.swift */,
				7FCBF6AB1DA1F1FB003B6B84 /* Main.storyboard */,
				7FCBF6AE1DA1F1FB003B6B84 /* Assets.xcassets */,
				7FCBF6B01DA1F1FB003B6B84 /* LaunchScreen.storyboard */,
				7FCBF6B31DA1F1FB003B6B84 /* Info.plist */,
			);
			path = sound;
			sourceTree = "<group>";
		};
		7FCBF6BB1DA1F1FB003B6B84 /* soundTests */ = {
			isa = PBXGroup;
			children = (
				7FCBF6BC1DA1F1FB003B6B84 /* soundTests.swift */,
				7FCBF6BE1DA1F1FB003B6B84 /* Info.plist */,
			);
			path = soundTests;
			sourceTree = "<group>";
		};
		7FCBF6C61DA1F1FB003B6B84 /* soundUITests */ = {
			isa = PBXGroup;
			children = (
				7FCBF6C71DA1F1FB003B6B84 /* soundUITests.swift */,
				7FCBF6C91DA1F1FB003B6B84 /* Info.plist */,
			);
			path = soundUITests;
			sourceTree = "<group>";
		};
/* End PBXGroup section */

/* Begin PBXNativeTarget section */
		7FCBF6A31DA1F1FB003B6B84 /* sound */ = {
			isa = PBXNativeTarget;
			buildConfigurationList = 7FCBF6CC1DA1F1FB003B6B84 /* Build configuration list for PBXNativeTarget "sound" */;
			buildPhases = (
				7FCBF6A01DA1F1FB003B6B84 /* Sources */,
				7FCBF6A11DA1F1FB003B6B84 /* Frameworks */,
				7FCBF6A21DA1F1FB003B6B84 /* Resources */,
			);
			buildRules = (
			);
			dependencies = (
			);
			name = sound;
			productName = sound;
			productReference = 7FCBF6A41DA1F1FB003B6B84 /* sound.app */;
			productType = "com.apple.product-type.application";
		};
		7FCBF6B71DA1F1FB003B6B84 /* soundTests */ = {
			isa = PBXNativeTarget;
			buildConfigurationList = 7FCBF6CF1DA1F1FB003B6B84 /* Build configuration list for PBXNativeTarget "soundTests" */;
			buildPhases = (
				7FCBF6B41DA1F1FB003B6B84 /* Sources */,
				7FCBF6B51DA1F1FB003B6B84 /* Frameworks */,
				7FCBF6B61DA1F1FB003B6B84 /* Resources */,
			);
			buildRules = (
			);
			dependencies = (
				7FCBF6BA1DA1F1FB003B6B84 /* PBXTargetDependency */,
			);
			name = soundTests;
			productName = soundTests;
			productReference = 7FCBF6B81DA1F1FB003B6B84 /* soundTests.xctest */;
			productType = "com.apple.product-type.bundle.unit-test";
		};
		7FCBF6C21DA1F1FB003B6B84 /* soundUITests */ = {
			isa = PBXNativeTarget;
			buildConfigurationList = 7FCBF6D21DA1F1FB003B6B84 /* Build configuration list for PBXNativeTarget "soundUITests" */;
			buildPhases = (
				7FCBF6BF1DA1F1FB003B6B84 /* Sources */,
				7FCBF6C01DA1F1FB003B6B84 /* Frameworks */,
				7FCBF6C11DA1F1FB003B6B84 /* Resources */,
			);
			buildRules = (
			);
			dependencies = (
				7FCBF6C51DA1F1FB003B6B84 /* PBXTargetDependency */,
			);
			name = soundUITests;
			productName = soundUITests;
			productReference = 7FCBF6C31DA1F1FB003B6B84 /* soundUITests.xctest */;
			productType = "com.apple.product-type.bundle.ui-testing";
		};
/* End PBXNativeTarget section */

/* Begin PBXProject section */
		7FCBF69C1DA1F1FB003B6B84 /* Project object */ = {
			isa = PBXProject;
			attributes = {
				LastSwiftUpdateCheck = 0800;
				LastUpgradeCheck = 0800;
				ORGANIZATIONNAME = hardleaf;
				TargetAttributes = {
					7FCBF6A31DA1F1FB003B6B84 = {
						CreatedOnToolsVersion = 8.0;
						ProvisioningStyle = Automatic;
					};
					7FCBF6B71DA1F1FB003B6B84 = {
						CreatedOnToolsVersion = 8.0;
						ProvisioningStyle = Automatic;
						TestTargetID = 7FCBF6A31DA1F1FB003B6B84;
					};
					7FCBF6C21DA1F1FB003B6B84 = {
						CreatedOnToolsVersion = 8.0;
						ProvisioningStyle = Automatic;
						TestTargetID = 7FCBF6A31DA1F1FB003B6B84;
					};
				};
			};
			buildConfigurationList = 7FCBF69F1DA1F1FB003B6B84 /* Build configuration list for PBXProject "sound" */;
			compatibilityVersion = "Xcode 3.2";
			developmentRegion = English;
			hasScannedForEncodings = 0;
			knownRegions = (
				en,
				Base,
			);
			mainGroup = 7FCBF69B1DA1F1FB003B6B84;
			productRefGroup = 7FCBF6A51DA1F1FB003B6B84 /* Products */;
			projectDirPath = "";
			projectRoot = "";
			targets = (
				7FCBF6A31DA1F1FB003B6B84 /* sound */,
				7FCBF6B71DA1F1FB003B6B84 /* soundTests */,
				7FCBF6C21DA1F1FB003B6B84 /* soundUITests */,
			);
		};
/* End PBXProject section */

/* Begin PBXResourcesBuildPhase section */
		7FCBF6A21DA1F1FB003B6B84 /* Resources */ = {
			isa = PBXResourcesBuildPhase;
			buildActionMask = 2147483647;
			files = (
				7FCBF6B21DA1F1FB003B6B84 /* LaunchScreen.storyboard in Resources */,
				7FCBF6AF1DA1F1FB003B6B84 /* Assets.xcassets in Resources */,
				7FCBF6AD1DA1F1FB003B6B84 /* Main.storyboard in Resources */,
			);
			runOnlyForDeploymentPostprocessing = 0;
		};
		7FCBF6B61DA1F1FB003B6B84 /* Resources */ = {
			isa = PBXResourcesBuildPhase;
			buildActionMask = 2147483647;
			files = (
			);
			runOnlyForDeploymentPostprocessing = 0;
		};
		7FCBF6C11DA1F1FB003B6B84 /* Resources */ = {
			isa = PBXResourcesBuildPhase;
			buildActionMask = 2147483647;
			files = (
			);
			runOnlyForDeploymentPostprocessing = 0;
		};
/* End PBXResourcesBuildPhase section */

/* Begin PBXSourcesBuildPhase section */
		7FCBF6A01DA1F1FB003B6B84 /* Sources */ = {
			isa = PBXSourcesBuildPhase;
			buildActionMask = 2147483647;
			files = (
				7FCBF6AA1DA1F1FB003B6B84 /* ViewController.swift in Sources */,
				7FCBF6A81DA1F1FB003B6B84 /* AppDelegate.swift in Sources */,
			);
			runOnlyForDeploymentPostprocessing = 0;
		};
		7FCBF6B41DA1F1FB003B6B84 /* Sources */ = {
			isa = PBXSourcesBuildPhase;
			buildActionMask = 2147483647;
			files = (
				7FCBF6BD1DA1F1FB003B6B84 /* soundTests.swift in Sources */,
			);
			runOnlyForDeploymentPostprocessing = 0;
		};
		7FCBF6BF1DA1F1FB003B6B84 /* Sources */ = {
			isa = PBXSourcesBuildPhase;
			buildActionMask = 2147483647;
			files = (
				7FCBF6C81DA1F1FB003B6B84 /* soundUITests.swift in Sources */,
			);
			runOnlyForDeploymentPostprocessing = 0;
		};
/* End PBXSourcesBuildPhase section */

/* Begin PBXTargetDependency section */
		7FCBF6BA1DA1F1FB003B6B84 /* PBXTargetDependency */ = {
			isa = PBXTargetDependency;
			target = 7FCBF6A31DA1F1FB003B6B84 /* sound */;
			targetProxy = 7FCBF6B91DA1F1FB003B6B84 /* PBXContainerItemProxy */;
		};
		7FCBF6C51DA1F1FB003B6B84 /* PBXTargetDependency */ = {
			isa = PBXTargetDependency;
			target = 7FCBF6A31DA1F1FB003B6B84 /* sound */;
			targetProxy = 7FCBF6C41DA1F1FB003B6B84 /* PBXContainerItemProxy */;
		};
/* End PBXTargetDependency section */

/* Begin PBXVariantGroup section */
		7FCBF6AB1DA1F1FB003B6B84 /* Main.storyboard */ = {
			isa = PBXVariantGroup;
			children = (
				7FCBF6AC1DA1F1FB003B6B84 /* Base */,
			);
			name = Main.storyboard;
			sourceTree = "<group>";
		};
		7FCBF6B01DA1F1FB003B6B84 /* LaunchScreen.storyboard */ = {
			isa = PBXVariantGroup;
			children = (
				7FCBF6B11DA1F1FB003B6B84 /* Base */,
			);
			name = LaunchScreen.storyboard;
			sourceTree = "<group>";
		};
/* End PBXVariantGroup section */

/* Begin XCBuildConfiguration section */
		7FCBF6CA1DA1F1FB003B6B84 /* Debug */ = {
			isa = XCBuildConfiguration;
			buildSettings = {
				ALWAYS_SEARCH_USER_PATHS = NO;
				CLANG_ANALYZER_NONNULL = YES;
				CLANG_CXX_LANGUAGE_STANDARD = "gnu++0x";
				CLANG_CXX_LIBRARY = "libc++";
				CLANG_ENABLE_MODULES = YES;
				CLANG_ENABLE_OBJC_ARC = YES;
				CLANG_WARN_BOOL_CONVERSION = YES;
				CLANG_WARN_CONSTANT_CONVERSION = YES;
				CLANG_WARN_DIRECT_OBJC_ISA_USAGE = YES_ERROR;
				CLANG_WARN_DOCUMENTATION_COMMENTS = YES;
				CLANG_WARN_EMPTY_BODY = YES;
				CLANG_WARN_ENUM_CONVERSION = YES;
				CLANG_WARN_INFINITE_RECURSION = YES;
				CLANG_WARN_INT_CONVERSION = YES;
				CLANG_WARN_OBJC_ROOT_CLASS = YES_ERROR;
				CLANG_WARN_SUSPICIOUS_MOVES = YES;
				CLANG_WARN_UNREACHABLE_CODE = YES;
				CLANG_WARN__DUPLICATE_METHOD_MATCH = YES;
				"CODE_SIGN_IDENTITY[sdk=iphoneos*]" = "iPhone Developer";
				COPY_PHASE_STRIP = NO;
				DEBUG_INFORMATION_FORMAT = dwarf;
				ENABLE_STRICT_OBJC_MSGSEND = YES;
				ENABLE_TESTABILITY = YES;
				GCC_C_LANGUAGE_STANDARD = gnu99;
				GCC_DYNAMIC_NO_PIC = NO;
				GCC_NO_COMMON_BLOCKS = YES;
				GCC_OPTIMIZATION_LEVEL = 0;
				GCC_PREPROCESSOR_DEFINITIONS = (
					"DEBUG=1",
					"$(inherited)",
				);
				GCC_WARN_64_TO_32_BIT_CONVERSION = YES;
				GCC_WARN_ABOUT_RETURN_TYPE = YES_ERROR;
				GCC_WARN_UNDECLARED_SELECTOR = YES;
				GCC_WARN_UNINITIALIZED_AUTOS = YES_AGGRESSIVE;
				GCC_WARN_UNUSED_FUNCTION = YES;
				GCC_WARN_UNUSED_VARIABLE = YES;
				IPHONEOS_DEPLOYMENT_TARGET = 10.0;
				MTL_ENABLE_DEBUG_INFO = YES;
				ONLY_ACTIVE_ARCH = YES;
				SDKROOT = iphoneos;
				SWIFT_ACTIVE_COMPILATION_CONDITIONS = DEBUG;
				SWIFT_OPTIMIZATION_LEVEL = "-Onone";
				TARGETED_DEVICE_FAMILY = "1,2";
			};
			name = Debug;
		};
		7FCBF6CB1DA1F1FB003B6B84 /* Release */ = {
			isa = XCBuildConfiguration;
			buildSettings = {
				ALWAYS_SEARCH_USER_PATHS = NO;
				CLANG_ANALYZER_NONNULL = YES;
				CLANG_CXX_LANGUAGE_STANDARD = "gnu++0x";
				CLANG_CXX_LIBRARY = "libc++";
				CLANG_ENABLE_MODULES = YES;
				CLANG_ENABLE_OBJC_ARC = YES;
				CLANG_WARN_BOOL_CONVERSION = YES;
				CLANG_WARN_CONSTANT_CONVERSION = YES;
				CLANG_WARN_DIRECT_OBJC_ISA_USAGE = YES_ERROR;
				CLANG_WARN_DOCUMENTATION_COMMENTS = YES;
				CLANG_WARN_EMPTY_BODY = YES;
				CLANG_WARN_ENUM_CONVERSION = YES;
				CLANG_WARN_INFINITE_RECURSION = YES;
				CLANG_WARN_INT_CONVERSION = YES;
				CLANG_WARN_OBJC_ROOT_CLASS = YES_ERROR;
				CLANG_WARN_SUSPICIOUS_MOVES = YES;
				CLANG_WARN_UNREACHABLE_CODE = YES;
				CLANG_WARN__DUPLICATE_METHOD_MATCH = YES;
				"CODE_SIGN_IDENTITY[sdk=iphoneos*]" = "iPhone Developer";
				COPY_PHASE_STRIP = NO;
				DEBUG_INFORMATION_FORMAT = "dwarf-with-dsym";
				ENABLE_NS_ASSERTIONS = NO;
				ENABLE_STRICT_OBJC_MSGSEND = YES;
				GCC_C_LANGUAGE_STANDARD = gnu99;
				GCC_NO_COMMON_BLOCKS = YES;
				GCC_WARN_64_TO_32_BIT_CONVERSION = YES;
				GCC_WARN_ABOUT_RETURN_TYPE = YES_ERROR;
				GCC_WARN_UNDECLARED_SELECTOR = YES;
				GCC_WARN_UNINITIALIZED_AUTOS = YES_AGGRESSIVE;
				GCC_WARN_UNUSED_FUNCTION = YES;
				GCC_WARN_UNUSED_VARIABLE = YES;
				IPHONEOS_DEPLOYMENT_TARGET = 10.0;
				MTL_ENABLE_DEBUG_INFO = NO;
				SDKROOT = iphoneos;
				SWIFT_OPTIMIZATION_LEVEL = "-Owholemodule";
				TARGETED_DEVICE_FAMILY = "1,2";
				VALIDATE_PRODUCT = YES;
			};
			name = Release;
		};
		7FCBF6CD1DA1F1FB003B6B84 /* Debug */ = {
			isa = XCBuildConfiguration;
			buildSettings = {
				ASSETCATALOG_COMPILER_APPICON_NAME = AppIcon;
				INFOPLIST_FILE = sound/Info.plist;
				LD_RUNPATH_SEARCH_PATHS = "$(inherited) @executable_path/Frameworks";
				PRODUCT_BUNDLE_IDENTIFIER = hardleaf.sound;
				PRODUCT_NAME = "$(TARGET_NAME)";
				SWIFT_VERSION = 3.0;
			};
			name = Debug;
		};
		7FCBF6CE1DA1F1FB003B6B84 /* Release */ = {
			isa = XCBuildConfiguration;
			buildSettings = {
				ASSETCATALOG_COMPILER_APPICON_NAME = AppIcon;
				INFOPLIST_FILE = sound/Info.plist;
				LD_RUNPATH_SEARCH_PATHS = "$(inherited) @executable_path/Frameworks";
				PRODUCT_BUNDLE_IDENTIFIER = hardleaf.sound;
				PRODUCT_NAME = "$(TARGET_NAME)";
				SWIFT_VERSION = 3.0;
			};
			name = Release;
		};
		7FCBF6D01DA1F1FB003B6B84 /* Debug */ = {
			isa = XCBuildConfiguration;
			buildSettings = {
				ALWAYS_EMBED_SWIFT_STANDARD_LIBRARIES = YES;
				BUNDLE_LOADER = "$(TEST_HOST)";
				INFOPLIST_FILE = soundTests/Info.plist;
				LD_RUNPATH_SEARCH_PATHS = "$(inherited) @executable_path/Frameworks @loader_path/Frameworks";
				PRODUCT_BUNDLE_IDENTIFIER = hardleaf.soundTests;
				PRODUCT_NAME = "$(TARGET_NAME)";
				SWIFT_VERSION = 3.0;
				TEST_HOST = "$(BUILT_PRODUCTS_DIR)/sound.app/sound";
			};
			name = Debug;
		};
		7FCBF6D11DA1F1FB003B6B84 /* Release */ = {
			isa = XCBuildConfiguration;
			buildSettings = {
				ALWAYS_EMBED_SWIFT_STANDARD_LIBRARIES = YES;
				BUNDLE_LOADER = "$(TEST_HOST)";
				INFOPLIST_FILE = soundTests/Info.plist;
				LD_RUNPATH_SEARCH_PATHS = "$(inherited) @executable_path/Frameworks @loader_path/Frameworks";
				PRODUCT_BUNDLE_IDENTIFIER = hardleaf.soundTests;
				PRODUCT_NAME = "$(TARGET_NAME)";
				SWIFT_VERSION = 3.0;
				TEST_HOST = "$(BUILT_PRODUCTS_DIR)/sound.app/sound";
			};
			name = Release;
		};
		7FCBF6D31DA1F1FB003B6B84 /* Debug */ = {
			isa = XCBuildConfiguration;
			buildSettings = {
				ALWAYS_EMBED_SWIFT_STANDARD_LIBRARIES = YES;
				INFOPLIST_FILE = soundUITests/Info.plist;
				LD_RUNPATH_SEARCH_PATHS = "$(inherited) @executable_path/Frameworks @loader_path/Frameworks";
				PRODUCT_BUNDLE_IDENTIFIER = hardleaf.soundUITests;
				PRODUCT_NAME = "$(TARGET_NAME)";
				SWIFT_VERSION = 3.0;
				TEST_TARGET_NAME = sound;
			};
			name = Debug;
		};
		7FCBF6D41DA1F1FB003B6B84 /* Release */ = {
			isa = XCBuildConfiguration;
			buildSettings = {
				ALWAYS_EMBED_SWIFT_STANDARD_LIBRARIES = YES;
				INFOPLIST_FILE = soundUITests/Info.plist;
				LD_RUNPATH_SEARCH_PATHS = "$(inherited) @executable_path/Frameworks @loader_path/Frameworks";
				PRODUCT_BUNDLE_IDENTIFIER = hardleaf.soundUITests;
				PRODUCT_NAME = "$(TARGET_NAME)";
				SWIFT_VERSION = 3.0;
				TEST_TARGET_NAME = sound;
			};
			name = Release;
		};
/* End XCBuildConfiguration section */

/* Begin XCConfigurationList section */
		7FCBF69F1DA1F1FB003B6B84 /* Build configuration list for PBXProject "sound" */ = {
			isa = XCConfigurationList;
			buildConfigurations = (
				7FCBF6CA1DA1F1FB003B6B84 /* Debug */,
				7FCBF6CB1DA1F1FB003B6B84 /* Release */,
			);
			defaultConfigurationIsVisible = 0;
			defaultConfigurationName = Release;
		};
		7FCBF6CC1DA1F1FB003B6B84 /* Build configuration list for PBXNativeTarget "sound" */ = {
			isa = XCConfigurationList;
			buildConfigurations = (
				7FCBF6CD1DA1F1FB003B6B84 /* Debug */,
				7FCBF6CE1DA1F1FB003B6B84 /* Release */,
			);
			defaultConfigurationIsVisible = 0;
		};
		7FCBF6CF1DA1F1FB003B6B84 /* Build configuration list for PBXNativeTarget "soundTests" */ = {
			isa = XCConfigurationList;
			buildConfigurations = (
				7FCBF6D01DA1F1FB003B6B84 /* Debug */,
				7FCBF6D11DA1F1FB003B6B84 /* Release */,
			);
			defaultConfigurationIsVisible = 0;
		};
		7FCBF6D21DA1F1FB003B6B84 /* Build configuration list for PBXNativeTarget "soundUITests" */ = {
			isa = XCConfigurationList;
			buildConfigurations = (
				7FCBF6D31DA1F1FB003B6B84 /* Debug */,
				7FCBF6D41DA1F1FB003B6B84 /* Release */,
			);
			defaultConfigurationIsVisible = 0;
		};
/* End XCConfigurationList section */
	};
	rootObject = 7FCBF69C1DA1F1FB003B6B84 /* Project object */;
}
